dependencies:
- name: promtail
  repository: https://grafana.github.io/helm-charts
  version: 6.17.0
- name: grafana
  repository: https://grafana.github.io/helm-charts
  version: 9.2.10
- name: tempo
  repository: https://grafana.github.io/helm-charts
  version: 1.23.2
- name: pyroscope
  repository: https://grafana.github.io/helm-charts
  version: 1.14.0
digest: sha256:d90a2f5b956c7bd74cf3c9d01ec762b347077038ec50b8df3bf879c3b35a71cc
generated: "2025-07-15T19:26:29.414692014-04:00"
